<?xml version="1.0" encoding="utf-8"?>
<Project ToolsVersion="4.0" xmlns="http://schemas.microsoft.com/developer/msbuild/2003">
  <ItemGroup>
    <Filter Include="Source Files">
      <UniqueIdentifier>{4FC737F1-C7A5-4376-A066-2A32D752A2FF}</UniqueIdentifier>
      <Extensions>cpp;c;cc;cxx;def;odl;idl;hpj;bat;asm;asmx</Extensions>
    </Filter>
    <Filter Include="com.giappi.lang">
      <UniqueIdentifier>{1b2a9671-b721-407f-9441-0a1a27aa972d}</UniqueIdentifier>
    </Filter>
  </ItemGroup>
  <ItemGroup>
    <ClCompile Include="..\Main.cpp">
      <Filter>Source Files</Filter>
    </ClCompile>
    <ClCompile Include="..\com\giappi\lang\Matrix.cpp">
      <Filter>com.giappi.lang</Filter>
    </ClCompile>
    <ClCompile Include="..\com\giappi\lang\SquareMatrix.cpp">
      <Filter>com.giappi.lang</Filter>
    </ClCompile>
  </ItemGroup>
  <ItemGroup>
    <ClInclude Include="..\com\giappi\lang\Matrix.h">
      <Filter>com.giappi.lang</Filter>
    </ClInclude>
    <ClInclude Include="..\com\giappi\lang\SquareMatrix.h">
      <Filter>com.giappi.lang</Filter>
    </ClInclude>
  </ItemGroup>
</Project>